// !$*UTF8*$!
{
	archiveVersion = 1;
	classes = {
	};
	objectVersion = 77;
	objects = {

/* Begin PBXBuildFile section */
		227E99DF2E4FF68500002AB4 /* StoreKit.framework in Frameworks */ = {isa = PBXBuildFile; fileRef = 2255F90F2E4D2AFC007C1DDB /* StoreKit.framework */; };
		22C415952E57E91500744393 /* GooglePlaces in Frameworks */ = {isa = PBXBuildFile; productRef = 22C415942E57E91500744393 /* GooglePlaces */; };
		22C415972E57E91500744393 /* GooglePlacesSwift in Frameworks */ = {isa = PBXBuildFile; productRef = 22C415962E57E91500744393 /* GooglePlacesSwift */; };
/* End PBXBuildFile section */

/* Begin PBXContainerItemProxy section */
		22653D7E2E4CBA8A006F76C2 /* PBXContainerItemProxy */ = {
			isa = PBXContainerItemProxy;
			containerPortal = 22653D682E4CBA89006F76C2 /* Project object */;
			proxyType = 1;
			remoteGlobalIDString = 22653D6F2E4CBA89006F76C2;
			remoteInfo = MimiSupply;
		};
		22653D882E4CBA8A006F76C2 /* PBXContainerItemProxy */ = {
			isa = PBXContainerItemProxy;
			containerPortal = 22653D682E4CBA89006F76C2 /* Project object */;
			proxyType = 1;
			remoteGlobalIDString = 22653D6F2E4CBA89006F76C2;
			remoteInfo = MimiSupply;
		};
/* End PBXContainerItemProxy section */

/* Begin PBXFileReference section */
		2255F90F2E4D2AFC007C1DDB /* StoreKit.framework */ = {isa = PBXFileReference; lastKnownFileType = wrapper.framework; name = StoreKit.framework; path = System/Library/Frameworks/StoreKit.framework; sourceTree = SDKROOT; };
		22653D702E4CBA89006F76C2 /* MimiSupply.app */ = {isa = PBXFileReference; explicitFileType = wrapper.application; includeInIndex = 0; path = MimiSupply.app; sourceTree = BUILT_PRODUCTS_DIR; };
		22653D7D2E4CBA8A006F76C2 /* MimiSupplyTests.xctest */ = {isa = PBXFileReference; explicitFileType = wrapper.cfbundle; includeInIndex = 0; path = MimiSupplyTests.xctest; sourceTree = BUILT_PRODUCTS_DIR; };
		22653D872E4CBA8A006F76C2 /* MimiSupplyUITests.xctest */ = {isa = PBXFileReference; explicitFileType = wrapper.cfbundle; includeInIndex = 0; path = MimiSupplyUITests.xctest; sourceTree = BUILT_PRODUCTS_DIR; };
		22F7430C2E5E07B9000F599F /* MimiSupply.xctestplan */ = {isa = PBXFileReference; lastKnownFileType = text; path = MimiSupply.xctestplan; sourceTree = "<group>"; };
/* End PBXFileReference section */

/* Begin PBXFileSystemSynchronizedBuildFileExceptionSet section */
		22653D9C2E4CCAA4006F76C2 /* Exceptions for "MimiSupply" folder in "MimiSupply" target */ = {
			isa = PBXFileSystemSynchronizedBuildFileExceptionSet;
			membershipExceptions = (
				Info.plist,
			);
			target = 22653D6F2E4CBA89006F76C2 /* MimiSupply */;
		};
/* End PBXFileSystemSynchronizedBuildFileExceptionSet section */

/* Begin PBXFileSystemSynchronizedRootGroup section */
		22653D722E4CBA89006F76C2 /* MimiSupply */ = {
			isa = PBXFileSystemSynchronizedRootGroup;
			exceptions = (
				22653D9C2E4CCAA4006F76C2 /* Exceptions for "MimiSupply" folder in "MimiSupply" target */,
			);
			path = MimiSupply;
			sourceTree = "<group>";
		};
		22653D802E4CBA8A006F76C2 /* MimiSupplyTests */ = {
			isa = PBXFileSystemSynchronizedRootGroup;
			path = MimiSupplyTests;
			sourceTree = "<group>";
		};
		22653D8A2E4CBA8A006F76C2 /* MimiSupplyUITests */ = {
			isa = PBXFileSystemSynchronizedRootGroup;
			path = MimiSupplyUITests;
			sourceTree = "<group>";
		};
/* End PBXFileSystemSynchronizedRootGroup section */

/* Begin PBXFrameworksBuildPhase section */
		22653D6D2E4CBA89006F76C2 /* Frameworks */ = {
			isa = PBXFrameworksBuildPhase;
			buildActionMask = 2147483647;
			files = (
				227E99DF2E4FF68500002AB4 /* StoreKit.framework in Frameworks */,
				22C415952E57E91500744393 /* GooglePlaces in Frameworks */,
				22C415972E57E91500744393 /* GooglePlacesSwift in Frameworks */,
			);
			runOnlyForDeploymentPostprocessing = 0;
		};
		22653D7A2E4CBA8A006F76C2 /* Frameworks */ = {
			isa = PBXFrameworksBuildPhase;
			buildActionMask = 2147483647;
			files = (
			);
			runOnlyForDeploymentPostprocessing = 0;
		};
		22653D842E4CBA8A006F76C2 /* Frameworks */ = {
			isa = PBXFrameworksBuildPhase;
			buildActionMask = 2147483647;
			files = (
			);
			runOnlyForDeploymentPostprocessing = 0;
		};
/* End PBXFrameworksBuildPhase section */

/* Begin PBXGroup section */
		223EAB252E51F22400809C0F /* Recovered References */ = {
			isa = PBXGroup;
			children = (
			);
			name = "Recovered References";
			sourceTree = "<group>";
		};
		2255F90E2E4D2AFC007C1DDB /* Frameworks */ = {
			isa = PBXGroup;
			children = (
				2255F90F2E4D2AFC007C1DDB /* StoreKit.framework */,
			);
			name = Frameworks;
			sourceTree = "<group>";
		};
		22653D672E4CBA89006F76C2 = {
			isa = PBXGroup;
			children = (
				22F7430C2E5E07B9000F599F /* MimiSupply.xctestplan */,
				22653D722E4CBA89006F76C2 /* MimiSupply */,
				22653D802E4CBA8A006F76C2 /* MimiSupplyTests */,
				22653D8A2E4CBA8A006F76C2 /* MimiSupplyUITests */,
				2255F90E2E4D2AFC007C1DDB /* Frameworks */,
				22653D712E4CBA89006F76C2 /* Products */,
				223EAB252E51F22400809C0F /* Recovered References */,
			);
			sourceTree = "<group>";
		};
		22653D712E4CBA89006F76C2 /* Products */ = {
			isa = PBXGroup;
			children = (
				22653D702E4CBA89006F76C2 /* MimiSupply.app */,
				22653D7D2E4CBA8A006F76C2 /* MimiSupplyTests.xctest */,
				22653D872E4CBA8A006F76C2 /* MimiSupplyUITests.xctest */,
			);
			name = Products;
			sourceTree = "<group>";
		};
/* End PBXGroup section */

/* Begin PBXNativeTarget section */
		22653D6F2E4CBA89006F76C2 /* MimiSupply */ = {
			isa = PBXNativeTarget;
			buildConfigurationList = 22653D912E4CBA8A006F76C2 /* Build configuration list for PBXNativeTarget "MimiSupply" */;
			buildPhases = (
				22653D6C2E4CBA89006F76C2 /* Sources */,
				22653D6D2E4CBA89006F76C2 /* Frameworks */,
				22653D6E2E4CBA89006F76C2 /* Resources */,
			);
			buildRules = (
			);
			dependencies = (
			);
			fileSystemSynchronizedGroups = (
				22653D722E4CBA89006F76C2 /* MimiSupply */,
			);
			name = MimiSupply;
			packageProductDependencies = (
				22C415942E57E91500744393 /* GooglePlaces */,
				22C415962E57E91500744393 /* GooglePlacesSwift */,
			);
			productName = MimiSupply;
			productReference = 22653D702E4CBA89006F76C2 /* MimiSupply.app */;
			productType = "com.apple.product-type.application";
		};
		22653D7C2E4CBA8A006F76C2 /* MimiSupplyTests */ = {
			isa = PBXNativeTarget;
			buildConfigurationList = 22653D942E4CBA8A006F76C2 /* Build configuration list for PBXNativeTarget "MimiSupplyTests" */;
			buildPhases = (
				22653D792E4CBA8A006F76C2 /* Sources */,
				22653D7A2E4CBA8A006F76C2 /* Frameworks */,
				22653D7B2E4CBA8A006F76C2 /* Resources */,
			);
			buildRules = (
			);
			dependencies = (
				22653D7F2E4CBA8A006F76C2 /* PBXTargetDependency */,
			);
			fileSystemSynchronizedGroups = (
				22653D802E4CBA8A006F76C2 /* MimiSupplyTests */,
			);
			name = MimiSupplyTests;
			packageProductDependencies = (
			);
			productName = MimiSupplyTests;
			productReference = 22653D7D2E4CBA8A006F76C2 /* MimiSupplyTests.xctest */;
			productType = "com.apple.product-type.bundle.unit-test";
		};
		22653D862E4CBA8A006F76C2 /* MimiSupplyUITests */ = {
			isa = PBXNativeTarget;
			buildConfigurationList = 22653D972E4CBA8A006F76C2 /* Build configuration list for PBXNativeTarget "MimiSupplyUITests" */;
			buildPhases = (
				22653D832E4CBA8A006F76C2 /* Sources */,
				22653D842E4CBA8A006F76C2 /* Frameworks */,
				22653D852E4CBA8A006F76C2 /* Resources */,
			);
			buildRules = (
			);
			dependencies = (
				22653D892E4CBA8A006F76C2 /* PBXTargetDependency */,
			);
			fileSystemSynchronizedGroups = (
				22653D8A2E4CBA8A006F76C2 /* MimiSupplyUITests */,
			);
			name = MimiSupplyUITests;
			packageProductDependencies = (
			);
			productName = MimiSupplyUITests;
			productReference = 22653D872E4CBA8A006F76C2 /* MimiSupplyUITests.xctest */;
			productType = "com.apple.product-type.bundle.ui-testing";
		};
/* End PBXNativeTarget section */

/* Begin PBXProject section */
		22653D682E4CBA89006F76C2 /* Project object */ = {
			isa = PBXProject;
			attributes = {
				BuildIndependentTargetsInParallel = 1;
				LastSwiftUpdateCheck = 1640;
				LastUpgradeCheck = 2600;
				TargetAttributes = {
					22653D6F2E4CBA89006F76C2 = {
						CreatedOnToolsVersion = 16.4;
					};
					22653D7C2E4CBA8A006F76C2 = {
						CreatedOnToolsVersion = 16.4;
						TestTargetID = 22653D6F2E4CBA89006F76C2;
					};
					22653D862E4CBA8A006F76C2 = {
						CreatedOnToolsVersion = 16.4;
						TestTargetID = 22653D6F2E4CBA89006F76C2;
					};
				};
			};
			buildConfigurationList = 22653D6B2E4CBA89006F76C2 /* Build configuration list for PBXProject "MimiSupply" */;
			developmentRegion = en;
			hasScannedForEncodings = 0;
			knownRegions = (
				en,
				Base,
			);
			mainGroup = 22653D672E4CBA89006F76C2;
			minimizedProjectReferenceProxies = 1;
			packageReferences = (
				22C4158B2E57E63E00744393 /* XCRemoteSwiftPackageReference "ios-places-sdk" */,
			);
			preferredProjectObjectVersion = 77;
			productRefGroup = 22653D712E4CBA89006F76C2 /* Products */;
			projectDirPath = "";
			projectRoot = "";
			targets = (
				22653D6F2E4CBA89006F76C2 /* MimiSupply */,
				22653D7C2E4CBA8A006F76C2 /* MimiSupplyTests */,
				22653D862E4CBA8A006F76C2 /* MimiSupplyUITests */,
			);
		};
/* End PBXProject section */

/* Begin PBXResourcesBuildPhase section */
		22653D6E2E4CBA89006F76C2 /* Resources */ = {
			isa = PBXResourcesBuildPhase;
			buildActionMask = 2147483647;
			files = (
			);
			runOnlyForDeploymentPostprocessing = 0;
		};
		22653D7B2E4CBA8A006F76C2 /* Resources */ = {
			isa = PBXResourcesBuildPhase;
			buildActionMask = 2147483647;
			files = (
			);
			runOnlyForDeploymentPostprocessing = 0;
		};
		22653D852E4CBA8A006F76C2 /* Resources */ = {
			isa = PBXResourcesBuildPhase;
			buildActionMask = 2147483647;
			files = (
			);
			runOnlyForDeploymentPostprocessing = 0;
		};
/* End PBXResourcesBuildPhase section */

/* Begin PBXSourcesBuildPhase section */
		22653D6C2E4CBA89006F76C2 /* Sources */ = {
			isa = PBXSourcesBuildPhase;
			buildActionMask = 2147483647;
			files = (
			);
			runOnlyForDeploymentPostprocessing = 0;
		};
		22653D792E4CBA8A006F76C2 /* Sources */ = {
			isa = PBXSourcesBuildPhase;
			buildActionMask = 2147483647;
			files = (
			);
			runOnlyForDeploymentPostprocessing = 0;
		};
		22653D832E4CBA8A006F76C2 /* Sources */ = {
			isa = PBXSourcesBuildPhase;
			buildActionMask = 2147483647;
			files = (
			);
			runOnlyForDeploymentPostprocessing = 0;
		};
/* End PBXSourcesBuildPhase section */

/* Begin PBXTargetDependency section */
		22653D7F2E4CBA8A006F76C2 /* PBXTargetDependency */ = {
			isa = PBXTargetDependency;
			target = 22653D6F2E4CBA89006F76C2 /* MimiSupply */;
			targetProxy = 22653D7E2E4CBA8A006F76C2 /* PBXContainerItemProxy */;
		};
		22653D892E4CBA8A006F76C2 /* PBXTargetDependency */ = {
			isa = PBXTargetDependency;
			target = 22653D6F2E4CBA89006F76C2 /* MimiSupply */;
			targetProxy = 22653D882E4CBA8A006F76C2 /* PBXContainerItemProxy */;
		};
/* End PBXTargetDependency section */

/* Begin XCBuildConfiguration section */
		22653D8F2E4CBA8A006F76C2 /* Debug */ = {
			isa = XCBuildConfiguration;
			buildSettings = {
				ALWAYS_SEARCH_USER_PATHS = NO;
				ASSETCATALOG_COMPILER_GENERATE_SWIFT_ASSET_SYMBOL_EXTENSIONS = YES;
				CLANG_ANALYZER_NONNULL = YES;
				CLANG_ANALYZER_NUMBER_OBJECT_CONVERSION = YES_AGGRESSIVE;
				CLANG_CXX_LANGUAGE_STANDARD = "gnu++20";
				CLANG_ENABLE_MODULES = YES;
				CLANG_ENABLE_OBJC_ARC = YES;
				CLANG_ENABLE_OBJC_WEAK = YES;
				CLANG_WARN_BLOCK_CAPTURE_AUTORELEASING = YES;
				CLANG_WARN_BOOL_CONVERSION = YES;
				CLANG_WARN_COMMA = YES;
				CLANG_WARN_CONSTANT_CONVERSION = YES;
				CLANG_WARN_DEPRECATED_OBJC_IMPLEMENTATIONS = YES;
				CLANG_WARN_DIRECT_OBJC_ISA_USAGE = YES_ERROR;
				CLANG_WARN_DOCUMENTATION_COMMENTS = YES;
				CLANG_WARN_EMPTY_BODY = YES;
				CLANG_WARN_ENUM_CONVERSION = YES;
				CLANG_WARN_INFINITE_RECURSION = YES;
				CLANG_WARN_INT_CONVERSION = YES;
				CLANG_WARN_NON_LITERAL_NULL_CONVERSION = YES;
				CLANG_WARN_OBJC_IMPLICIT_RETAIN_SELF = YES;
				CLANG_WARN_OBJC_LITERAL_CONVERSION = YES;
				CLANG_WARN_OBJC_ROOT_CLASS = YES_ERROR;
				CLANG_WARN_QUOTED_INCLUDE_IN_FRAMEWORK_HEADER = YES;
				CLANG_WARN_RANGE_LOOP_ANALYSIS = YES;
				CLANG_WARN_STRICT_PROTOTYPES = YES;
				CLANG_WARN_SUSPICIOUS_MOVE = YES;
				CLANG_WARN_UNGUARDED_AVAILABILITY = YES_AGGRESSIVE;
				CLANG_WARN_UNREACHABLE_CODE = YES;
				CLANG_WARN__DUPLICATE_METHOD_MATCH = YES;
				COPY_PHASE_STRIP = NO;
				DEBUG_INFORMATION_FORMAT = dwarf;
				DEVELOPMENT_TEAM = 63X96LFZ6Z;
				ENABLE_STRICT_OBJC_MSGSEND = YES;
				ENABLE_TESTABILITY = YES;
				ENABLE_USER_SCRIPT_SANDBOXING = YES;
				GCC_C_LANGUAGE_STANDARD = gnu17;
				GCC_DYNAMIC_NO_PIC = NO;
				GCC_NO_COMMON_BLOCKS = YES;
				GCC_OPTIMIZATION_LEVEL = 0;
				GCC_PREPROCESSOR_DEFINITIONS = (
					"DEBUG=1",
					"$(inherited)",
				);
				GCC_WARN_64_TO_32_BIT_CONVERSION = YES;
				GCC_WARN_ABOUT_RETURN_TYPE = YES_ERROR;
				GCC_WARN_UNDECLARED_SELECTOR = YES;
				GCC_WARN_UNINITIALIZED_AUTOS = YES_AGGRESSIVE;
				GCC_WARN_UNUSED_FUNCTION = YES;
				GCC_WARN_UNUSED_VARIABLE = YES;
				IPHONEOS_DEPLOYMENT_TARGET = 17.0;
				LOCALIZATION_PREFERS_STRING_CATALOGS = YES;
				MTL_ENABLE_DEBUG_INFO = INCLUDE_SOURCE;
				MTL_FAST_MATH = YES;
				ONLY_ACTIVE_ARCH = YES;
				SDKROOT = iphoneos;
				STRING_CATALOG_GENERATE_SYMBOLS = YES;
				SWIFT_ACTIVE_COMPILATION_CONDITIONS = "DEBUG $(inherited)";
				SWIFT_OPTIMIZATION_LEVEL = "-Onone";
			};
			name = Debug;
		};
		22653D902E4CBA8A006F76C2 /* Release */ = {
			isa = XCBuildConfiguration;
			buildSettings = {
				ALWAYS_SEARCH_USER_PATHS = NO;
				ASSETCATALOG_COMPILER_GENERATE_SWIFT_ASSET_SYMBOL_EXTENSIONS = YES;
				CLANG_ANALYZER_NONNULL = YES;
				CLANG_ANALYZER_NUMBER_OBJECT_CONVERSION = YES_AGGRESSIVE;
				CLANG_CXX_LANGUAGE_STANDARD = "gnu++20";
				CLANG_ENABLE_MODULES = YES;
				CLANG_ENABLE_OBJC_ARC = YES;
				CLANG_ENABLE_OBJC_WEAK = YES;
				CLANG_WARN_BLOCK_CAPTURE_AUTORELEASING = YES;
				CLANG_WARN_BOOL_CONVERSION = YES;
				CLANG_WARN_COMMA = YES;
				CLANG_WARN_CONSTANT_CONVERSION = YES;
				CLANG_WARN_DEPRECATED_OBJC_IMPLEMENTATIONS = YES;
				CLANG_WARN_DIRECT_OBJC_ISA_USAGE = YES_ERROR;
				CLANG_WARN_DOCUMENTATION_COMMENTS = YES;
				CLANG_WARN_EMPTY_BODY = YES;
				CLANG_WARN_ENUM_CONVERSION = YES;
				CLANG_WARN_INFINITE_RECURSION = YES;
				CLANG_WARN_INT_CONVERSION = YES;
				CLANG_WARN_NON_LITERAL_NULL_CONVERSION = YES;
				CLANG_WARN_OBJC_IMPLICIT_RETAIN_SELF = YES;
				CLANG_WARN_OBJC_LITERAL_CONVERSION = YES;
				CLANG_WARN_OBJC_ROOT_CLASS = YES_ERROR;
				CLANG_WARN_QUOTED_INCLUDE_IN_FRAMEWORK_HEADER = YES;
				CLANG_WARN_RANGE_LOOP_ANALYSIS = YES;
				CLANG_WARN_STRICT_PROTOTYPES = YES;
				CLANG_WARN_SUSPICIOUS_MOVE = YES;
				CLANG_WARN_UNGUARDED_AVAILABILITY = YES_AGGRESSIVE;
				CLANG_WARN_UNREACHABLE_CODE = YES;
				CLANG_WARN__DUPLICATE_METHOD_MATCH = YES;
				COPY_PHASE_STRIP = NO;
				DEBUG_INFORMATION_FORMAT = "dwarf-with-dsym";
				DEVELOPMENT_TEAM = 63X96LFZ6Z;
				ENABLE_NS_ASSERTIONS = NO;
				ENABLE_STRICT_OBJC_MSGSEND = YES;
				ENABLE_USER_SCRIPT_SANDBOXING = YES;
				GCC_C_LANGUAGE_STANDARD = gnu17;
				GCC_NO_COMMON_BLOCKS = YES;
				GCC_WARN_64_TO_32_BIT_CONVERSION = YES;
				GCC_WARN_ABOUT_RETURN_TYPE = YES_ERROR;
				GCC_WARN_UNDECLARED_SELECTOR = YES;
				GCC_WARN_UNINITIALIZED_AUTOS = YES_AGGRESSIVE;
				GCC_WARN_UNUSED_FUNCTION = YES;
				GCC_WARN_UNUSED_VARIABLE = YES;
				IPHONEOS_DEPLOYMENT_TARGET = 17.0;
				LOCALIZATION_PREFERS_STRING_CATALOGS = YES;
				MTL_ENABLE_DEBUG_INFO = NO;
				MTL_FAST_MATH = YES;
				SDKROOT = iphoneos;
				STRING_CATALOG_GENERATE_SYMBOLS = YES;
				SWIFT_COMPILATION_MODE = wholemodule;
				VALIDATE_PRODUCT = YES;
			};
			name = Release;
		};
		22653D922E4CBA8A006F76C2 /* Debug */ = {
			isa = XCBuildConfiguration;
			buildSettings = {
				ASSETCATALOG_COMPILER_APPICON_NAME = AppIcon;
				ASSETCATALOG_COMPILER_GLOBAL_ACCENT_COLOR_NAME = AccentColor;
				ASSETCATALOG_COMPILER_INCLUDE_ALL_APPICON_ASSETS = YES;
				CODE_SIGN_ENTITLEMENTS = MimiSupply/MimiSupply.entitlements;
				CODE_SIGN_STYLE = Automatic;
				CURRENT_PROJECT_VERSION = 1;
				DEVELOPMENT_TEAM = 63X96LFZ6Z;
				ENABLE_PREVIEWS = YES;
				GENERATE_INFOPLIST_FILE = YES;
				INFOPLIST_FILE = MimiSupply/Info.plist;
				INFOPLIST_KEY_CFBundleDisplayName = MimiSupply;
				INFOPLIST_KEY_ITSAppUsesNonExemptEncryption = NO;
				INFOPLIST_KEY_LSApplicationCategoryType = "public.app-category.food-and-drink";
				INFOPLIST_KEY_NSCameraUsageDescription = "Camera is used for QR/barcode scanning, delivery proof photos, and uploading images.";
				INFOPLIST_KEY_NSFaceIDUsageDescription = "Face ID enables quick and secure sign-in.";
				INFOPLIST_KEY_NSLocationAlwaysAndWhenInUseUsageDescription = "For drivers: MimiSupply tracks location in the background to reliably track orders and provide customers with precise live tracking.";
				INFOPLIST_KEY_NSLocationWhenInUseUsageDescription = "We need your location to show nearby partners, calculate distances/ETAs, and navigate deliveries to you.";
				INFOPLIST_KEY_NSPhotoLibraryAddUsageDescription = "MimiSupply saves delivery proof photos to your device when you want.";
				INFOPLIST_KEY_NSPhotoLibraryUsageDescription = "Photos are used to upload receipts and delivery proofs.";
				INFOPLIST_KEY_UIApplicationSceneManifest_Generation = YES;
				INFOPLIST_KEY_UIApplicationSupportsIndirectInputEvents = YES;
				INFOPLIST_KEY_UILaunchScreen_Generation = YES;
				INFOPLIST_KEY_UISupportedInterfaceOrientations_iPad = "UIInterfaceOrientationPortrait UIInterfaceOrientationPortraitUpsideDown UIInterfaceOrientationLandscapeLeft UIInterfaceOrientationLandscapeRight";
				INFOPLIST_KEY_UISupportedInterfaceOrientations_iPhone = "UIInterfaceOrientationPortrait UIInterfaceOrientationLandscapeLeft UIInterfaceOrientationLandscapeRight";
				LD_RUNPATH_SEARCH_PATHS = (
					"$(inherited)",
					"@executable_path/Frameworks",
				);
				MARKETING_VERSION = 1.0;
				PRODUCT_BUNDLE_IDENTIFIER = com.mimisupply.app.MimiSupply;
				PRODUCT_NAME = "$(TARGET_NAME)";
				SWIFT_EMIT_LOC_STRINGS = YES;
				SWIFT_STRICT_CONCURRENCY = complete;
				SWIFT_VERSION = 6.0;
				TARGETED_DEVICE_FAMILY = "1,2";
			};
			name = Debug;
		};
		22653D932E4CBA8A006F76C2 /* Release */ = {
			isa = XCBuildConfiguration;
			buildSettings = {
				ASSETCATALOG_COMPILER_APPICON_NAME = AppIcon;
				ASSETCATALOG_COMPILER_GLOBAL_ACCENT_COLOR_NAME = AccentColor;
				ASSETCATALOG_COMPILER_INCLUDE_ALL_APPICON_ASSETS = YES;
				CODE_SIGN_ENTITLEMENTS = MimiSupply/MimiSupply.entitlements;
				CODE_SIGN_STYLE = Automatic;
				CURRENT_PROJECT_VERSION = 1;
				DEVELOPMENT_TEAM = 63X96LFZ6Z;
				ENABLE_PREVIEWS = YES;
				GENERATE_INFOPLIST_FILE = YES;
				INFOPLIST_FILE = MimiSupply/Info.plist;
				INFOPLIST_KEY_CFBundleDisplayName = MimiSupply;
				INFOPLIST_KEY_ITSAppUsesNonExemptEncryption = NO;
				INFOPLIST_KEY_LSApplicationCategoryType = "public.app-category.food-and-drink";
				INFOPLIST_KEY_NSCameraUsageDescription = "Camera is used for QR/barcode scanning, delivery proof photos, and uploading images.";
				INFOPLIST_KEY_NSFaceIDUsageDescription = "Face ID enables quick and secure sign-in.";
				INFOPLIST_KEY_NSLocationAlwaysAndWhenInUseUsageDescription = "For drivers: MimiSupply tracks location in the background to reliably track orders and provide customers with precise live tracking.";
				INFOPLIST_KEY_NSLocationWhenInUseUsageDescription = "We need your location to show nearby partners, calculate distances/ETAs, and navigate deliveries to you.";
				INFOPLIST_KEY_NSPhotoLibraryAddUsageDescription = "MimiSupply saves delivery proof photos to your device when you want.";
				INFOPLIST_KEY_NSPhotoLibraryUsageDescription = "Photos are used to upload receipts and delivery proofs.";
				INFOPLIST_KEY_UIApplicationSceneManifest_Generation = YES;
				INFOPLIST_KEY_UIApplicationSupportsIndirectInputEvents = YES;
				INFOPLIST_KEY_UILaunchScreen_Generation = YES;
				INFOPLIST_KEY_UISupportedInterfaceOrientations_iPad = "UIInterfaceOrientationPortrait UIInterfaceOrientationPortraitUpsideDown UIInterfaceOrientationLandscapeLeft UIInterfaceOrientationLandscapeRight";
				INFOPLIST_KEY_UISupportedInterfaceOrientations_iPhone = "UIInterfaceOrientationPortrait UIInterfaceOrientationLandscapeLeft UIInterfaceOrientationLandscapeRight";
				LD_RUNPATH_SEARCH_PATHS = (
					"$(inherited)",
					"@executable_path/Frameworks",
				);
				MARKETING_VERSION = 1.0;
				PRODUCT_BUNDLE_IDENTIFIER = com.mimisupply.app.MimiSupply;
				PRODUCT_NAME = "$(TARGET_NAME)";
				SWIFT_EMIT_LOC_STRINGS = YES;
				SWIFT_STRICT_CONCURRENCY = complete;
				SWIFT_VERSION = 6.0;
				TARGETED_DEVICE_FAMILY = "1,2";
			};
			name = Release;
		};
		22653D952E4CBA8A006F76C2 /* Debug */ = {
			isa = XCBuildConfiguration;
			buildSettings = {
				BUNDLE_LOADER = "$(TEST_HOST)";
				CODE_SIGN_STYLE = Automatic;
				CURRENT_PROJECT_VERSION = 1;
				DEVELOPMENT_TEAM = 63X96LFZ6Z;
				GENERATE_INFOPLIST_FILE = YES;
				IPHONEOS_DEPLOYMENT_TARGET = 17.0;
				MARKETING_VERSION = 1.0;
				PRODUCT_BUNDLE_IDENTIFIER = com.mimisupply.app.MimiSupplyTests;
				PRODUCT_NAME = "$(TARGET_NAME)";
				SWIFT_EMIT_LOC_STRINGS = NO;
				SWIFT_STRICT_CONCURRENCY = complete;
				SWIFT_VERSION = 6.0;
				TARGETED_DEVICE_FAMILY = "1,2";
				TEST_HOST = "$(BUILT_PRODUCTS_DIR)/MimiSupply.app/$(BUNDLE_EXECUTABLE_FOLDER_PATH)/MimiSupply";
			};
			name = Debug;
		};
		22653D962E4CBA8A006F76C2 /* Release */ = {
			isa = XCBuildConfiguration;
			buildSettings = {
				BUNDLE_LOADER = "$(TEST_HOST)";
				CODE_SIGN_STYLE = Automatic;
				CURRENT_PROJECT_VERSION = 1;
				DEVELOPMENT_TEAM = 63X96LFZ6Z;
				GENERATE_INFOPLIST_FILE = YES;
				IPHONEOS_DEPLOYMENT_TARGET = 17.0;
				MARKETING_VERSION = 1.0;
				PRODUCT_BUNDLE_IDENTIFIER = com.mimisupply.app.MimiSupplyTests;
				PRODUCT_NAME = "$(TARGET_NAME)";
				SWIFT_EMIT_LOC_STRINGS = NO;
				SWIFT_STRICT_CONCURRENCY = complete;
				SWIFT_VERSION = 6.0;
				TARGETED_DEVICE_FAMILY = "1,2";
				TEST_HOST = "$(BUILT_PRODUCTS_DIR)/MimiSupply.app/$(BUNDLE_EXECUTABLE_FOLDER_PATH)/MimiSupply";
			};
			name = Release;
		};
		22653D982E4CBA8A006F76C2 /* Debug */ = {
			isa = XCBuildConfiguration;
			buildSettings = {
				CODE_SIGN_STYLE = Automatic;
				CURRENT_PROJECT_VERSION = 1;
				DEVELOPMENT_TEAM = 63X96LFZ6Z;
				GENERATE_INFOPLIST_FILE = YES;
				MARKETING_VERSION = 1.0;
				PRODUCT_BUNDLE_IDENTIFIER = com.mimisupply.app.MimiSupplyUITests;
				PRODUCT_NAME = "$(TARGET_NAME)";
				SWIFT_EMIT_LOC_STRINGS = NO;
				SWIFT_STRICT_CONCURRENCY = complete;
				SWIFT_VERSION = 6.0;
				TARGETED_DEVICE_FAMILY = "1,2";
				TEST_TARGET_NAME = MimiSupply;
			};
			name = Debug;
		};
		22653D992E4CBA8A006F76C2 /* Release */ = {
			isa = XCBuildConfiguration;
			buildSettings = {
				CODE_SIGN_STYLE = Automatic;
				CURRENT_PROJECT_VERSION = 1;
				DEVELOPMENT_TEAM = 63X96LFZ6Z;
				GENERATE_INFOPLIST_FILE = YES;
				MARKETING_VERSION = 1.0;
				PRODUCT_BUNDLE_IDENTIFIER = com.mimisupply.app.MimiSupplyUITests;
				PRODUCT_NAME = "$(TARGET_NAME)";
				SWIFT_EMIT_LOC_STRINGS = NO;
				SWIFT_STRICT_CONCURRENCY = complete;
				SWIFT_VERSION = 6.0;
				TARGETED_DEVICE_FAMILY = "1,2";
				TEST_TARGET_NAME = MimiSupply;
			};
			name = Release;
		};
/* End XCBuildConfiguration section */

/* Begin XCConfigurationList section */
		22653D6B2E4CBA89006F76C2 /* Build configuration list for PBXProject "MimiSupply" */ = {
			isa = XCConfigurationList;
			buildConfigurations = (
				22653D8F2E4CBA8A006F76C2 /* Debug */,
				22653D902E4CBA8A006F76C2 /* Release */,
			);
			defaultConfigurationIsVisible = 0;
			defaultConfigurationName = Release;
		};
		22653D912E4CBA8A006F76C2 /* Build configuration list for PBXNativeTarget "MimiSupply" */ = {
			isa = XCConfigurationList;
			buildConfigurations = (
				22653D922E4CBA8A006F76C2 /* Debug */,
				22653D932E4CBA8A006F76C2 /* Release */,
			);
			defaultConfigurationIsVisible = 0;
			defaultConfigurationName = Release;
		};
		22653D942E4CBA8A006F76C2 /* Build configuration list for PBXNativeTarget "MimiSupplyTests" */ = {
			isa = XCConfigurationList;
			buildConfigurations = (
				22653D952E4CBA8A006F76C2 /* Debug */,
				22653D962E4CBA8A006F76C2 /* Release */,
			);
			defaultConfigurationIsVisible = 0;
			defaultConfigurationName = Release;
		};
		22653D972E4CBA8A006F76C2 /* Build configuration list for PBXNativeTarget "MimiSupplyUITests" */ = {
			isa = XCConfigurationList;
			buildConfigurations = (
				22653D982E4CBA8A006F76C2 /* Debug */,
				22653D992E4CBA8A006F76C2 /* Release */,
			);
			defaultConfigurationIsVisible = 0;
			defaultConfigurationName = Release;
		};
/* End XCConfigurationList section */

/* Begin XCRemoteSwiftPackageReference section */
		22C4158B2E57E63E00744393 /* XCRemoteSwiftPackageReference "ios-places-sdk" */ = {
			isa = XCRemoteSwiftPackageReference;
			repositoryURL = "https://github.com/googlemaps/ios-places-sdk";
			requirement = {
				kind = upToNextMajorVersion;
				minimumVersion = 10.1.0;
			};
		};
/* End XCRemoteSwiftPackageReference section */

/* Begin XCSwiftPackageProductDependency section */
		22C415942E57E91500744393 /* GooglePlaces */ = {
			isa = XCSwiftPackageProductDependency;
			package = 22C4158B2E57E63E00744393 /* XCRemoteSwiftPackageReference "ios-places-sdk" */;
			productName = GooglePlaces;
		};
		22C415962E57E91500744393 /* GooglePlacesSwift */ = {
			isa = XCSwiftPackageProductDependency;
			package = 22C4158B2E57E63E00744393 /* XCRemoteSwiftPackageReference "ios-places-sdk" */;
			productName = GooglePlacesSwift;
		};
/* End XCSwiftPackageProductDependency section */
	};
	rootObject = 22653D682E4CBA89006F76C2 /* Project object */;
}
